
Microsoft Visual Studio Solution File, Format Version 12.00
# Visual Studio Version 17
VisualStudioVersion = 17.6.33712.159
MinimumVisualStudioVersion = 10.0.40219.1
Project("{FAE04EC0-301F-11D3-BF4B-00C04F79EFBC}") = "estructuras lineales", "estructuras lineales\estructuras lineales.csproj", "{D78881CB-9685-4D71-ADD4-FB8401101313}"
EndProject
Global
	GlobalSection(SolutionConfigurationPlatforms) = preSolution
		Debug|Any CPU = Debug|Any CPU
		Release|Any CPU = Release|Any CPU
	EndGlobalSection
	GlobalSection(ProjectConfigurationPlatforms) = postSolution
		{D78881CB-9685-4D71-ADD4-FB8401101313}.Debug|Any CPU.ActiveCfg = Debug|Any CPU
		{D78881CB-9685-4D71-ADD4-FB8401101313}.Debug|Any CPU.Build.0 = Debug|Any CPU
		{D78881CB-9685-4D71-ADD4-FB8401101313}.Release|Any CPU.ActiveCfg = Release|Any CPU
		{D78881CB-9685-4D71-ADD4-FB8401101313}.Release|Any CPU.Build.0 = Release|Any CPU
	EndGlobalSection
	GlobalSection(SolutionProperties) = preSolution
		HideSolutionNode = FALSE
	EndGlobalSection
	GlobalSection(ExtensibilityGlobals) = postSolution
		SolutionGuid = {75F09082-4A13-43D3-814E-878C11D990C8}
	EndGlobalSection
EndGlobal
